
Microsoft Visual Studio Solution File, Format Version 12.00
# Visual Studio Version 16
VisualStudioVersion = 16.0.32002.261
MinimumVisualStudioVersion = 10.0.40219.1
Project("{FAE04EC0-301F-11D3-BF4B-00C04F79EFBC}") = "algs", "src\algs\algs\algs.csproj", "{995468DF-489C-45A3-8DE6-7D35A4B9CD10}"
EndProject
Global
	GlobalSection(SolutionConfigurationPlatforms) = preSolution
		Debug|Any CPU = Debug|Any CPU
		Release|Any CPU = Release|Any CPU
	EndGlobalSection
	GlobalSection(ProjectConfigurationPlatforms) = postSolution
		{995468DF-489C-45A3-8DE6-7D35A4B9CD10}.Debug|Any CPU.ActiveCfg = Debug|Any CPU
		{995468DF-489C-45A3-8DE6-7D35A4B9CD10}.Debug|Any CPU.Build.0 = Debug|Any CPU
		{995468DF-489C-45A3-8DE6-7D35A4B9CD10}.Release|Any CPU.ActiveCfg = Release|Any CPU
		{995468DF-489C-45A3-8DE6-7D35A4B9CD10}.Release|Any CPU.Build.0 = Release|Any CPU
	EndGlobalSection
	GlobalSection(SolutionProperties) = preSolution
		HideSolutionNode = FALSE
	EndGlobalSection
	GlobalSection(ExtensibilityGlobals) = postSolution
		SolutionGuid = {E2AB7B8F-6FB9-46B3-A481-E3F8258E9361}
	EndGlobalSection
EndGlobal
